{
  "name": "Ahmad-Alhafne-Public-Transport-Launch-Center-Management-System-main",
  "lockfileVersion": 3,
  "requires": true,
  "packages": {
    "": {
      "dependencies": {
        "expo-device": "^56.0.4"
      }
    },
    "node_modules/expo-device": {
      "version": "56.0.4",
      "resolved": "https://registry.npmjs.org/expo-device/-/expo-device-56.0.4.tgz",
      "integrity": "sha512-ucVcGPkvBrl2QHuy7XcYex2Y6BETvJ6TREutZrwLGUDnlvbpKS8KfQoNZOpvkyo5Nmm9RrasYQ0CrXmBHho2mg==",
      "license": "MIT",
      "dependencies": {
        "ua-parser-js": "^0.7.33"
      },
      "peerDependencies": {
        "expo": "*"
      }
    },
    "node_modules/ua-parser-js": {
      "version": "0.7.41",
      "resolved": "https://registry.npmjs.org/ua-parser-js/-/ua-parser-js-0.7.41.tgz",
      "integrity": "sha512-O3oYyCMPYgNNHuO7Jjk3uacJWZF8loBgwrfd/5LE/HyZ3lUIOdniQ7DNXJcIgZbwioZxk0fLfI4EVnetdiX5jg==",
      "funding": [
        {
          "type": "opencollective",
          "url": "https://opencollective.com/ua-parser-js"
        },
        {
          "type": "paypal",
          "url": "https://paypal.me/faisalman"
        },
        {
          "type": "github",
          "url": "https://github.com/sponsors/faisalman"
        }
      ],
      "license": "MIT",
      "bin": {
        "ua-parser-js": "script/cli.js"
      },
      "engines": {
        "node": "*"
      }
    }
  }
}
